// !$*UTF8*$!
{
	archiveVersion = 1;
	classes = {
	};
	objectVersion = 44;
	objects = {

/* Begin PBXBuildFile section */
		0E63E81E0E7C6A00002AC53B /* bgm2.cpp in Sources */ = {isa = PBXBuildFile; fileRef = 0E63E81D0E7C6A00002AC53B /* bgm2.cpp */; };
		8514AFA40FA7770E00A0B10D /* sqlite3.c in Sources */ = {isa = PBXBuildFile; fileRef = 8514AFA30FA7770E00A0B10D /* sqlite3.c */; };
		8520A72B0E3007DE003B9F2C /* bgm.cpp in Sources */ = {isa = PBXBuildFile; fileRef = 85A2BCBB0DE4E87D00682547 /* bgm.cpp */; };
		85311C50118F3110007C79C3 /* Info.plist in Resources */ = {isa = PBXBuildFile; fileRef = 85311C4F118F3110007C79C3 /* Info.plist */; };
		858A917E0E2BC5C90070B4AE /* calcnode2.cpp in Sources */ = {isa = PBXBuildFile; fileRef = 858A917C0E2BC5C90070B4AE /* calcnode2.cpp */; settings = {COMPILER_FLAGS = "-fstrict-aliasing -funroll-loops"; }; };
		8593AB7B0DE7883E008384A0 /* Help in CopyFiles */ = {isa = PBXBuildFile; fileRef = 8593AB720DE7883B008384A0 /* Help */; };
		8599DC720F7C367900958ED8 /* bayesgraph.cpp in Sources */ = {isa = PBXBuildFile; fileRef = 8599DC700F7C367900958ED8 /* bayesgraph.cpp */; };
		8599DC730F7C367900958ED8 /* bayesgraph2.cpp in Sources */ = {isa = PBXBuildFile; fileRef = 8599DC710F7C367900958ED8 /* bayesgraph2.cpp */; };
		85A2BCA40DE4E80E00682547 /* baseobj.cpp in Sources */ = {isa = PBXBuildFile; fileRef = 85A2BC910DE4E80E00682547 /* baseobj.cpp */; };
		85A2BCA50DE4E80E00682547 /* batchlan.cpp in Sources */ = {isa = PBXBuildFile; fileRef = 85A2BC920DE4E80E00682547 /* batchlan.cpp */; };
		85A2BCA60DE4E80E00682547 /* batchlan2.cpp in Sources */ = {isa = PBXBuildFile; fileRef = 85A2BC930DE4E80E00682547 /* batchlan2.cpp */; };
		85A2BCA70DE4E80E00682547 /* calcnode.cpp in Sources */ = {isa = PBXBuildFile; fileRef = 85A2BC940DE4E80E00682547 /* calcnode.cpp */; };
		85A2BCA80DE4E80E00682547 /* category.cpp in Sources */ = {isa = PBXBuildFile; fileRef = 85A2BC950DE4E80E00682547 /* category.cpp */; };
		85A2BCA90DE4E80E00682547 /* error.cpp in Sources */ = {isa = PBXBuildFile; fileRef = 85A2BC960DE4E80E00682547 /* error.cpp */; };
		85A2BCAA0DE4E80E00682547 /* fisher_exact.cpp in Sources */ = {isa = PBXBuildFile; fileRef = 85A2BC970DE4E80E00682547 /* fisher_exact.cpp */; };
		85A2BCAB0DE4E80E00682547 /* likefunc.cpp in Sources */ = {isa = PBXBuildFile; fileRef = 85A2BC980DE4E80E00682547 /* likefunc.cpp */; };
		85A2BCAC0DE4E80E00682547 /* list.cpp in Sources */ = {isa = PBXBuildFile; fileRef = 85A2BC990DE4E80E00682547 /* list.cpp */; };
		85A2BCAD0DE4E80E00682547 /* matrix.cpp in Sources */ = {isa = PBXBuildFile; fileRef = 85A2BC9A0DE4E80E00682547 /* matrix.cpp */; };
		85A2BCAE0DE4E80E00682547 /* nexus.cpp in Sources */ = {isa = PBXBuildFile; fileRef = 85A2BC9B0DE4E80E00682547 /* nexus.cpp */; };
		85A2BCAF0DE4E80E00682547 /* parser.cpp in Sources */ = {isa = PBXBuildFile; fileRef = 85A2BC9C0DE4E80E00682547 /* parser.cpp */; };
		85A2BCB00DE4E80E00682547 /* parser2.cpp in Sources */ = {isa = PBXBuildFile; fileRef = 85A2BC9D0DE4E80E00682547 /* parser2.cpp */; };
		85A2BCB10DE4E80E00682547 /* polynoml.cpp in Sources */ = {isa = PBXBuildFile; fileRef = 85A2BC9E0DE4E80E00682547 /* polynoml.cpp */; };
		85A2BCB20DE4E80E00682547 /* preferences.cpp in Sources */ = {isa = PBXBuildFile; fileRef = 85A2BC9F0DE4E80E00682547 /* preferences.cpp */; };
		85A2BCB30DE4E80E00682547 /* regex.cpp in Sources */ = {isa = PBXBuildFile; fileRef = 85A2BCA00DE4E80E00682547 /* regex.cpp */; };
		85A2BCB40DE4E80E00682547 /* sequence.cpp in Sources */ = {isa = PBXBuildFile; fileRef = 85A2BCA10DE4E80E00682547 /* sequence.cpp */; };
		85A2BCB50DE4E80E00682547 /* site.cpp in Sources */ = {isa = PBXBuildFile; fileRef = 85A2BCA20DE4E80E00682547 /* site.cpp */; };
		85A2BCC00DE4E87D00682547 /* HYNetInterface.cpp in Sources */ = {isa = PBXBuildFile; fileRef = 85A2BCBC0DE4E87D00682547 /* HYNetInterface.cpp */; };
		85A2BCC10DE4E87D00682547 /* Net.cpp in Sources */ = {isa = PBXBuildFile; fileRef = 85A2BCBD0DE4E87D00682547 /* Net.cpp */; };
		85A2BCC20DE4E87D00682547 /* scfg.cpp in Sources */ = {isa = PBXBuildFile; fileRef = 85A2BCBE0DE4E87D00682547 /* scfg.cpp */; };
		85A2BCD30DE4E8C800682547 /* HYBaseGUI.cpp in Sources */ = {isa = PBXBuildFile; fileRef = 85A2BCC40DE4E8C800682547 /* HYBaseGUI.cpp */; };
		85A2BCD40DE4E8C800682547 /* HYChartWindow.cpp in Sources */ = {isa = PBXBuildFile; fileRef = 85A2BCC50DE4E8C800682547 /* HYChartWindow.cpp */; };
		85A2BCD50DE4E8C800682547 /* HYComponent.cpp in Sources */ = {isa = PBXBuildFile; fileRef = 85A2BCC60DE4E8C800682547 /* HYComponent.cpp */; };
		85A2BCD60DE4E8C800682547 /* HYConsoleWindow.cpp in Sources */ = {isa = PBXBuildFile; fileRef = 85A2BCC70DE4E8C800682547 /* HYConsoleWindow.cpp */; };
		85A2BCD70DE4E8C800682547 /* HYDataPanel.cpp in Sources */ = {isa = PBXBuildFile; fileRef = 85A2BCC80DE4E8C800682547 /* HYDataPanel.cpp */; };
		85A2BCD80DE4E8C800682547 /* HYDBWindow.cpp in Sources */ = {isa = PBXBuildFile; fileRef = 85A2BCC90DE4E8C800682547 /* HYDBWindow.cpp */; };
		85A2BCD90DE4E8C800682547 /* HYDialogDefs.cpp in Sources */ = {isa = PBXBuildFile; fileRef = 85A2BCCA0DE4E8C800682547 /* HYDialogDefs.cpp */; };
		85A2BCDA0DE4E8C800682547 /* HYEventTypes.cpp in Sources */ = {isa = PBXBuildFile; fileRef = 85A2BCCB0DE4E8C800682547 /* HYEventTypes.cpp */; };
		85A2BCDB0DE4E8C800682547 /* HYGraphicPane.cpp in Sources */ = {isa = PBXBuildFile; fileRef = 85A2BCCC0DE4E8C800682547 /* HYGraphicPane.cpp */; };
		85A2BCDC0DE4E8C800682547 /* HYModelWindow.cpp in Sources */ = {isa = PBXBuildFile; fileRef = 85A2BCCD0DE4E8C800682547 /* HYModelWindow.cpp */; };
		85A2BCDD0DE4E8C800682547 /* HYObjectInspector.cpp in Sources */ = {isa = PBXBuildFile; fileRef = 85A2BCCE0DE4E8C800682547 /* HYObjectInspector.cpp */; };
		85A2BCDE0DE4E8C800682547 /* HYParameterTable.cpp in Sources */ = {isa = PBXBuildFile; fileRef = 85A2BCCF0DE4E8C800682547 /* HYParameterTable.cpp */; };
		85A2BCDF0DE4E8C800682547 /* HYSharedMain.cpp in Sources */ = {isa = PBXBuildFile; fileRef = 85A2BCD00DE4E8C800682547 /* HYSharedMain.cpp */; };
		85A2BCE00DE4E8C800682547 /* HYTreePanel.cpp in Sources */ = {isa = PBXBuildFile; fileRef = 85A2BCD10DE4E8C800682547 /* HYTreePanel.cpp */; };
		85A2BCE10DE4E8C800682547 /* HYWindow.cpp in Sources */ = {isa = PBXBuildFile; fileRef = 85A2BCD20DE4E8C800682547 /* HYWindow.cpp */; };
		85A2BCEB0DE4E9A000682547 /* HYButton.cpp in Sources */ = {isa = PBXBuildFile; fileRef = 85A2BCE30DE4E9A000682547 /* HYButton.cpp */; };
		85A2BCEC0DE4E9A000682547 /* HYButtonBar.cpp in Sources */ = {isa = PBXBuildFile; fileRef = 85A2BCE40DE4E9A000682547 /* HYButtonBar.cpp */; };
		85A2BCED0DE4E9A000682547 /* HYCheckBox.cpp in Sources */ = {isa = PBXBuildFile; fileRef = 85A2BCE50DE4E9A000682547 /* HYCheckBox.cpp */; };
		85A2BCEE0DE4E9A000682547 /* HYLabel.cpp in Sources */ = {isa = PBXBuildFile; fileRef = 85A2BCE60DE4E9A000682547 /* HYLabel.cpp */; };
		85A2BCEF0DE4E9A000682547 /* HYPullDown.cpp in Sources */ = {isa = PBXBuildFile; fileRef = 85A2BCE70DE4E9A000682547 /* HYPullDown.cpp */; };
		85A2BCF00DE4E9A000682547 /* HYSequencePanel.cpp in Sources */ = {isa = PBXBuildFile; fileRef = 85A2BCE80DE4E9A000682547 /* HYSequencePanel.cpp */; };
		85A2BCF10DE4E9A000682547 /* HYTable.cpp in Sources */ = {isa = PBXBuildFile; fileRef = 85A2BCE90DE4E9A000682547 /* HYTable.cpp */; };
		85A2BCF20DE4E9A000682547 /* HYTextBox.cpp in Sources */ = {isa = PBXBuildFile; fileRef = 85A2BCEA0DE4E9A000682547 /* HYTextBox.cpp */; };
		85A2BCFA0DE4EA2100682547 /* HYPlatformComponent.cpp in Sources */ = {isa = PBXBuildFile; fileRef = 85A2BCF50DE4EA2100682547 /* HYPlatformComponent.cpp */; };
		85A2BCFB0DE4EA2100682547 /* HYPlatformGraphicPane.cpp in Sources */ = {isa = PBXBuildFile; fileRef = 85A2BCF60DE4EA2100682547 /* HYPlatformGraphicPane.cpp */; };
		85A2BCFC0DE4EA2100682547 /* HYPlatformUtils.cpp in Sources */ = {isa = PBXBuildFile; fileRef = 85A2BCF70DE4EA2100682547 /* HYPlatformUtils.cpp */; };
		85A2BCFD0DE4EA2100682547 /* HYPlatformWindow.cpp in Sources */ = {isa = PBXBuildFile; fileRef = 85A2BCF80DE4EA2100682547 /* HYPlatformWindow.cpp */; };
		85A2BD0B0DE4EA8600682547 /* HYPlatformButton.cpp in Sources */ = {isa = PBXBuildFile; fileRef = 85A2BD020DE4EA8600682547 /* HYPlatformButton.cpp */; };
		85A2BD0C0DE4EA8600682547 /* HYPlatformButtonBar.cpp in Sources */ = {isa = PBXBuildFile; fileRef = 85A2BD030DE4EA8600682547 /* HYPlatformButtonBar.cpp */; };
		85A2BD0D0DE4EA8600682547 /* HYPlatformCheckBox.cpp in Sources */ = {isa = PBXBuildFile; fileRef = 85A2BD040DE4EA8600682547 /* HYPlatformCheckBox.cpp */; };
		85A2BD0E0DE4EA8600682547 /* HYPlatformLabel.cpp in Sources */ = {isa = PBXBuildFile; fileRef = 85A2BD050DE4EA8600682547 /* HYPlatformLabel.cpp */; };
		85A2BD0F0DE4EA8600682547 /* HYPlatformList.cpp in Sources */ = {isa = PBXBuildFile; fileRef = 85A2BD060DE4EA8600682547 /* HYPlatformList.cpp */; };
		85A2BD100DE4EA8600682547 /* HYPlatformPullDown.cpp in Sources */ = {isa = PBXBuildFile; fileRef = 85A2BD070DE4EA8600682547 /* HYPlatformPullDown.cpp */; };
		85A2BD110DE4EA8600682547 /* HYPlatformSequencePane.cpp in Sources */ = {isa = PBXBuildFile; fileRef = 85A2BD080DE4EA8600682547 /* HYPlatformSequencePane.cpp */; };
		85A2BD120DE4EA8600682547 /* HYPlatformTable.cpp in Sources */ = {isa = PBXBuildFile; fileRef = 85A2BD090DE4EA8600682547 /* HYPlatformTable.cpp */; };
		85A2BD130DE4EA8600682547 /* HYPlatformTextBox.cpp in Sources */ = {isa = PBXBuildFile; fileRef = 85A2BD0A0DE4EA8600682547 /* HYPlatformTextBox.cpp */; };
		85A2BD1F0DE4EAA700682547 /* HYPlatformBootsrapWindow.cpp in Sources */ = {isa = PBXBuildFile; fileRef = 85A2BD140DE4EAA600682547 /* HYPlatformBootsrapWindow.cpp */; };
		85A2BD200DE4EAA700682547 /* HYPlatformChartWindow.cpp in Sources */ = {isa = PBXBuildFile; fileRef = 85A2BD150DE4EAA600682547 /* HYPlatformChartWindow.cpp */; };
		85A2BD210DE4EAA700682547 /* HYPlatformConsoleWindow.cpp in Sources */ = {isa = PBXBuildFile; fileRef = 85A2BD160DE4EAA600682547 /* HYPlatformConsoleWindow.cpp */; };
		85A2BD220DE4EAA700682547 /* HYPlatformDataPanel.cpp in Sources */ = {isa = PBXBuildFile; fileRef = 85A2BD170DE4EAA600682547 /* HYPlatformDataPanel.cpp */; };
		85A2BD230DE4EAA700682547 /* HYPlatformDBWindow.cpp in Sources */ = {isa = PBXBuildFile; fileRef = 85A2BD180DE4EAA600682547 /* HYPlatformDBWindow.cpp */; };
		85A2BD240DE4EAA700682547 /* HYPlatformGWindow.cpp in Sources */ = {isa = PBXBuildFile; fileRef = 85A2BD190DE4EAA600682547 /* HYPlatformGWindow.cpp */; };
		85A2BD250DE4EAA700682547 /* HYPlatformModelWindow.cpp in Sources */ = {isa = PBXBuildFile; fileRef = 85A2BD1A0DE4EAA600682547 /* HYPlatformModelWindow.cpp */; };
		85A2BD260DE4EAA700682547 /* HYPlatformParameterTable.cpp in Sources */ = {isa = PBXBuildFile; fileRef = 85A2BD1B0DE4EAA600682547 /* HYPlatformParameterTable.cpp */; };
		85A2BD270DE4EAA700682547 /* HYPlatformPWindow.cpp in Sources */ = {isa = PBXBuildFile; fileRef = 85A2BD1C0DE4EAA600682547 /* HYPlatformPWindow.cpp */; };
		85A2BD280DE4EAA700682547 /* HYPlatformTreePanel.cpp in Sources */ = {isa = PBXBuildFile; fileRef = 85A2BD1D0DE4EAA600682547 /* HYPlatformTreePanel.cpp */; };
		85A2BD290DE4EAA700682547 /* HYPlatformTWindow.cpp in Sources */ = {isa = PBXBuildFile; fileRef = 85A2BD1E0DE4EAA600682547 /* HYPlatformTWindow.cpp */; };
		85A2BD6C0DE4EC4900682547 /* Docs.icns in Resources */ = {isa = PBXBuildFile; fileRef = 85A2BD680DE4EC4900682547 /* Docs.icns */; };
		85A2BD6D0DE4EC4900682547 /* HYPHYMP.icns in Resources */ = {isa = PBXBuildFile; fileRef = 85A2BD690DE4EC4900682547 /* HYPHYMP.icns */; };
		85A2BD700DE4EC6200682547 /* hydialogs.cpp in Sources */ = {isa = PBXBuildFile; fileRef = 85A2BD6F0DE4EC6200682547 /* hydialogs.cpp */; };
		85A2BD730DE4EC8100682547 /* HyPhy.rsrc in Resources */ = {isa = PBXBuildFile; fileRef = 85A2BD720DE4EC8100682547 /* HyPhy.rsrc */; };
		85A2BD770DE4EC9B00682547 /* main-mac.cpp in Sources */ = {isa = PBXBuildFile; fileRef = 85A2BD760DE4EC9B00682547 /* main-mac.cpp */; };
		85A2BFEC0DE505FA00682547 /* ChartAddIns in CopyFiles */ = {isa = PBXBuildFile; fileRef = 85A2BFB90DE505FA00682547 /* ChartAddIns */; };
		85A2C1D70DE5066E00682547 /* DatapanelAddIns in CopyFiles */ = {isa = PBXBuildFile; fileRef = 85A2BFF00DE5066D00682547 /* DatapanelAddIns */; };
		85A2C1D80DE5066E00682547 /* GeneticCodes in CopyFiles */ = {isa = PBXBuildFile; fileRef = 85A2BFFC0DE5066D00682547 /* GeneticCodes */; };
		85A2C1D90DE5066E00682547 /* SubstitutionClasses in CopyFiles */ = {isa = PBXBuildFile; fileRef = 85A2C00A0DE5066D00682547 /* SubstitutionClasses */; };
		85A2C1DA0DE5066E00682547 /* SubstitutionModels in CopyFiles */ = {isa = PBXBuildFile; fileRef = 85A2C02C0DE5066D00682547 /* SubstitutionModels */; };
		85A2C1DB0DE5066E00682547 /* TemplateBatchFiles in CopyFiles */ = {isa = PBXBuildFile; fileRef = 85A2C0590DE5066D00682547 /* TemplateBatchFiles */; };
		85A2C1DC0DE5066E00682547 /* TopologyInference in CopyFiles */ = {isa = PBXBuildFile; fileRef = 85A2C19D0DE5066E00682547 /* TopologyInference */; };
		85A2C1DD0DE5066E00682547 /* TreeAddIns in CopyFiles */ = {isa = PBXBuildFile; fileRef = 85A2C1A80DE5066E00682547 /* TreeAddIns */; };
		85A2C1DE0DE5066E00682547 /* UserAddins in CopyFiles */ = {isa = PBXBuildFile; fileRef = 85A2C1AC0DE5066E00682547 /* UserAddins */; };
		85A942AA0FE0AA28009F1FB1 /* strings.cpp in Sources */ = {isa = PBXBuildFile; fileRef = 85A2BCA30DE4E80E00682547 /* strings.cpp */; };
		85BC6FB4115B51B100686747 /* likefunc2.cpp in Sources */ = {isa = PBXBuildFile; fileRef = 85BC6FB3115B51B100686747 /* likefunc2.cpp */; };
		85E3A84B133015180066FB14 /* data in CopyFiles */ = {isa = PBXBuildFile; fileRef = 85E3A84A133015180066FB14 /* data */; };
		85FD3CDB132AC962006CA61A /* Carbon.framework in Frameworks */ = {isa = PBXBuildFile; fileRef = 85FD3CDA132AC962006CA61A /* Carbon.framework */; };
		85FD3CDD132AC972006CA61A /* QuickTime.framework in Frameworks */ = {isa = PBXBuildFile; fileRef = 85FD3CDC132AC972006CA61A /* QuickTime.framework */; };
/* End PBXBuildFile section */

/* Begin PBXCopyFilesBuildPhase section */
		85A2BF8A0DE504AF00682547 /* CopyFiles */ = {
			isa = PBXCopyFilesBuildPhase;
			buildActionMask = 12;
			dstPath = "";
			dstSubfolderSpec = 16;
			files = (
				85E3A84B133015180066FB14 /* data in CopyFiles */,
				8593AB7B0DE7883E008384A0 /* Help in CopyFiles */,
				85A2C1D70DE5066E00682547 /* DatapanelAddIns in CopyFiles */,
				85A2C1D80DE5066E00682547 /* GeneticCodes in CopyFiles */,
				85A2C1D90DE5066E00682547 /* SubstitutionClasses in CopyFiles */,
				85A2C1DA0DE5066E00682547 /* SubstitutionModels in CopyFiles */,
				85A2C1DB0DE5066E00682547 /* TemplateBatchFiles in CopyFiles */,
				85A2C1DC0DE5066E00682547 /* TopologyInference in CopyFiles */,
				85A2C1DD0DE5066E00682547 /* TreeAddIns in CopyFiles */,
				85A2C1DE0DE5066E00682547 /* UserAddins in CopyFiles */,
				85A2BFEC0DE505FA00682547 /* ChartAddIns in CopyFiles */,
			);
			runOnlyForDeploymentPostprocessing = 0;
		};
/* End PBXCopyFilesBuildPhase section */

/* Begin PBXFileReference section */
		0E63E81D0E7C6A00002AC53B /* bgm2.cpp */ = {isa = PBXFileReference; fileEncoding = 4; lastKnownFileType = sourcecode.cpp.cpp; name = bgm2.cpp; path = ../src/new/bgm2.cpp; sourceTree = SOURCE_ROOT; };
		2FCAFD7513AC02300036C5B0 /* ut_strings.cpp */ = {isa = PBXFileReference; fileEncoding = 4; lastKnownFileType = sourcecode.cpp.cpp; name = ut_strings.cpp; path = ../tests/gtests/ut_strings.cpp; sourceTree = SOURCE_ROOT; };
		8514AFA30FA7770E00A0B10D /* sqlite3.c */ = {isa = PBXFileReference; fileEncoding = 4; lastKnownFileType = sourcecode.c.c; name = sqlite3.c; path = "../contrib/SQLite-3.6.17/sqlite3.c"; sourceTree = SOURCE_ROOT; };
		8529BB140E2D5431001B4F53 /* QuickTime.framework */ = {isa = PBXFileReference; lastKnownFileType = wrapper.framework; name = QuickTime.framework; path = System/Library/Frameworks/QuickTime.framework; sourceTree = SDKROOT; };
		8529BBD60E2D543E001B4F53 /* Carbon.framework */ = {isa = PBXFileReference; lastKnownFileType = wrapper.framework; name = Carbon.framework; path = System/Library/Frameworks/Carbon.framework; sourceTree = SDKROOT; };
		85311C4F118F3110007C79C3 /* Info.plist */ = {isa = PBXFileReference; fileEncoding = 4; lastKnownFileType = text.plist.xml; name = Info.plist; path = ../src/gui/mac/Info.plist; sourceTree = SOURCE_ROOT; };
		853C46871416D0EE00DEA2FC /* HyPhy.app */ = {isa = PBXFileReference; explicitFileType = wrapper.application; includeInIndex = 0; path = HyPhy.app; sourceTree = BUILT_PRODUCTS_DIR; };
		858A917C0E2BC5C90070B4AE /* calcnode2.cpp */ = {isa = PBXFileReference; fileEncoding = 4; lastKnownFileType = sourcecode.cpp.cpp; name = calcnode2.cpp; path = ../src/core/calcnode2.cpp; sourceTree = SOURCE_ROOT; };
		8593AB720DE7883B008384A0 /* Help */ = {isa = PBXFileReference; lastKnownFileType = folder; name = Help; path = ../help; sourceTree = SOURCE_ROOT; };
		8599DC700F7C367900958ED8 /* bayesgraph.cpp */ = {isa = PBXFileReference; fileEncoding = 4; lastKnownFileType = sourcecode.cpp.cpp; name = bayesgraph.cpp; path = ../src/new/bayesgraph.cpp; sourceTree = SOURCE_ROOT; };
		8599DC710F7C367900958ED8 /* bayesgraph2.cpp */ = {isa = PBXFileReference; fileEncoding = 4; lastKnownFileType = sourcecode.cpp.cpp; name = bayesgraph2.cpp; path = ../src/new/bayesgraph2.cpp; sourceTree = SOURCE_ROOT; };
		85A2BC910DE4E80E00682547 /* baseobj.cpp */ = {isa = PBXFileReference; fileEncoding = 4; lastKnownFileType = sourcecode.cpp.cpp; name = baseobj.cpp; path = ../src/core/baseobj.cpp; sourceTree = SOURCE_ROOT; };
		85A2BC920DE4E80E00682547 /* batchlan.cpp */ = {isa = PBXFileReference; fileEncoding = 4; lastKnownFileType = sourcecode.cpp.cpp; name = batchlan.cpp; path = ../src/core/batchlan.cpp; sourceTree = SOURCE_ROOT; };
		85A2BC930DE4E80E00682547 /* batchlan2.cpp */ = {isa = PBXFileReference; fileEncoding = 4; lastKnownFileType = sourcecode.cpp.cpp; name = batchlan2.cpp; path = ../src/core/batchlan2.cpp; sourceTree = SOURCE_ROOT; };
		85A2BC940DE4E80E00682547 /* calcnode.cpp */ = {isa = PBXFileReference; fileEncoding = 4; lastKnownFileType = sourcecode.cpp.cpp; name = calcnode.cpp; path = ../src/core/calcnode.cpp; sourceTree = SOURCE_ROOT; };
		85A2BC950DE4E80E00682547 /* category.cpp */ = {isa = PBXFileReference; fileEncoding = 4; lastKnownFileType = sourcecode.cpp.cpp; name = category.cpp; path = ../src/core/category.cpp; sourceTree = SOURCE_ROOT; };
		85A2BC960DE4E80E00682547 /* error.cpp */ = {isa = PBXFileReference; fileEncoding = 4; lastKnownFileType = sourcecode.cpp.cpp; name = error.cpp; path = ../src/core/error.cpp; sourceTree = SOURCE_ROOT; };
		85A2BC970DE4E80E00682547 /* fisher_exact.cpp */ = {isa = PBXFileReference; fileEncoding = 4; lastKnownFileType = sourcecode.cpp.cpp; name = fisher_exact.cpp; path = ../src/core/fisher_exact.cpp; sourceTree = SOURCE_ROOT; };
		85A2BC980DE4E80E00682547 /* likefunc.cpp */ = {isa = PBXFileReference; fileEncoding = 4; lastKnownFileType = sourcecode.cpp.cpp; name = likefunc.cpp; path = ../src/core/likefunc.cpp; sourceTree = SOURCE_ROOT; };
		85A2BC990DE4E80E00682547 /* list.cpp */ = {isa = PBXFileReference; fileEncoding = 4; lastKnownFileType = sourcecode.cpp.cpp; name = list.cpp; path = ../src/core/list.cpp; sourceTree = SOURCE_ROOT; };
		85A2BC9A0DE4E80E00682547 /* matrix.cpp */ = {isa = PBXFileReference; fileEncoding = 4; lastKnownFileType = sourcecode.cpp.cpp; name = matrix.cpp; path = ../src/core/matrix.cpp; sourceTree = SOURCE_ROOT; };
		85A2BC9B0DE4E80E00682547 /* nexus.cpp */ = {isa = PBXFileReference; fileEncoding = 4; lastKnownFileType = sourcecode.cpp.cpp; name = nexus.cpp; path = ../src/core/nexus.cpp; sourceTree = SOURCE_ROOT; };
		85A2BC9C0DE4E80E00682547 /* parser.cpp */ = {isa = PBXFileReference; fileEncoding = 4; lastKnownFileType = sourcecode.cpp.cpp; name = parser.cpp; path = ../src/core/parser.cpp; sourceTree = SOURCE_ROOT; };
		85A2BC9D0DE4E80E00682547 /* parser2.cpp */ = {isa = PBXFileReference; fileEncoding = 4; lastKnownFileType = sourcecode.cpp.cpp; name = parser2.cpp; path = ../src/core/parser2.cpp; sourceTree = SOURCE_ROOT; };
		85A2BC9E0DE4E80E00682547 /* polynoml.cpp */ = {isa = PBXFileReference; fileEncoding = 4; lastKnownFileType = sourcecode.cpp.cpp; name = polynoml.cpp; path = ../src/core/polynoml.cpp; sourceTree = SOURCE_ROOT; };
		85A2BC9F0DE4E80E00682547 /* preferences.cpp */ = {isa = PBXFileReference; fileEncoding = 4; lastKnownFileType = sourcecode.cpp.cpp; name = preferences.cpp; path = ../src/gui/preferences.cpp; sourceTree = SOURCE_ROOT; };
		85A2BCA00DE4E80E00682547 /* regex.cpp */ = {isa = PBXFileReference; fileEncoding = 4; lastKnownFileType = sourcecode.cpp.cpp; name = regex.cpp; path = ../src/core/regex.cpp; sourceTree = SOURCE_ROOT; };
		85A2BCA10DE4E80E00682547 /* sequence.cpp */ = {isa = PBXFileReference; fileEncoding = 4; lastKnownFileType = sourcecode.cpp.cpp; name = sequence.cpp; path = ../src/core/sequence.cpp; sourceTree = SOURCE_ROOT; };
		85A2BCA20DE4E80E00682547 /* site.cpp */ = {isa = PBXFileReference; fileEncoding = 4; lastKnownFileType = sourcecode.cpp.cpp; name = site.cpp; path = ../src/core/site.cpp; sourceTree = SOURCE_ROOT; };
		85A2BCA30DE4E80E00682547 /* strings.cpp */ = {isa = PBXFileReference; fileEncoding = 4; lastKnownFileType = sourcecode.cpp.cpp; name = strings.cpp; path = ../src/core/strings.cpp; sourceTree = SOURCE_ROOT; };
		85A2BCBB0DE4E87D00682547 /* bgm.cpp */ = {isa = PBXFileReference; fileEncoding = 4; lastKnownFileType = sourcecode.cpp.cpp; name = bgm.cpp; path = ../src/new/bgm.cpp; sourceTree = SOURCE_ROOT; };
		85A2BCBC0DE4E87D00682547 /* HYNetInterface.cpp */ = {isa = PBXFileReference; fileEncoding = 4; lastKnownFileType = sourcecode.cpp.cpp; name = HYNetInterface.cpp; path = ../src/new/HYNetInterface.cpp; sourceTree = SOURCE_ROOT; };
		85A2BCBD0DE4E87D00682547 /* Net.cpp */ = {isa = PBXFileReference; fileEncoding = 4; lastKnownFileType = sourcecode.cpp.cpp; name = Net.cpp; path = ../src/new/Net.cpp; sourceTree = SOURCE_ROOT; };
		85A2BCBE0DE4E87D00682547 /* scfg.cpp */ = {isa = PBXFileReference; fileEncoding = 4; lastKnownFileType = sourcecode.cpp.cpp; name = scfg.cpp; path = ../src/new/scfg.cpp; sourceTree = SOURCE_ROOT; };
		85A2BCC40DE4E8C800682547 /* HYBaseGUI.cpp */ = {isa = PBXFileReference; fileEncoding = 4; lastKnownFileType = sourcecode.cpp.cpp; name = HYBaseGUI.cpp; path = ../src/gui/HYBaseGUI.cpp; sourceTree = SOURCE_ROOT; };
		85A2BCC50DE4E8C800682547 /* HYChartWindow.cpp */ = {isa = PBXFileReference; fileEncoding = 4; lastKnownFileType = sourcecode.cpp.cpp; name = HYChartWindow.cpp; path = ../src/gui/HYChartWindow.cpp; sourceTree = SOURCE_ROOT; };
		85A2BCC60DE4E8C800682547 /* HYComponent.cpp */ = {isa = PBXFileReference; fileEncoding = 4; lastKnownFileType = sourcecode.cpp.cpp; name = HYComponent.cpp; path = ../src/gui/HYComponent.cpp; sourceTree = SOURCE_ROOT; };
		85A2BCC70DE4E8C800682547 /* HYConsoleWindow.cpp */ = {isa = PBXFileReference; fileEncoding = 4; lastKnownFileType = sourcecode.cpp.cpp; name = HYConsoleWindow.cpp; path = ../src/gui/HYConsoleWindow.cpp; sourceTree = SOURCE_ROOT; };
		85A2BCC80DE4E8C800682547 /* HYDataPanel.cpp */ = {isa = PBXFileReference; fileEncoding = 4; lastKnownFileType = sourcecode.cpp.cpp; name = HYDataPanel.cpp; path = ../src/gui/HYDataPanel.cpp; sourceTree = SOURCE_ROOT; };
		85A2BCC90DE4E8C800682547 /* HYDBWindow.cpp */ = {isa = PBXFileReference; fileEncoding = 4; lastKnownFileType = sourcecode.cpp.cpp; name = HYDBWindow.cpp; path = ../src/gui/HYDBWindow.cpp; sourceTree = SOURCE_ROOT; };
		85A2BCCA0DE4E8C800682547 /* HYDialogDefs.cpp */ = {isa = PBXFileReference; fileEncoding = 4; lastKnownFileType = sourcecode.cpp.cpp; name = HYDialogDefs.cpp; path = ../src/gui/HYDialogDefs.cpp; sourceTree = SOURCE_ROOT; };
		85A2BCCB0DE4E8C800682547 /* HYEventTypes.cpp */ = {isa = PBXFileReference; fileEncoding = 4; lastKnownFileType = sourcecode.cpp.cpp; name = HYEventTypes.cpp; path = ../src/gui/HYEventTypes.cpp; sourceTree = SOURCE_ROOT; };
		85A2BCCC0DE4E8C800682547 /* HYGraphicPane.cpp */ = {isa = PBXFileReference; fileEncoding = 4; lastKnownFileType = sourcecode.cpp.cpp; name = HYGraphicPane.cpp; path = ../src/gui/HYGraphicPane.cpp; sourceTree = SOURCE_ROOT; };
		85A2BCCD0DE4E8C800682547 /* HYModelWindow.cpp */ = {isa = PBXFileReference; fileEncoding = 4; lastKnownFileType = sourcecode.cpp.cpp; name = HYModelWindow.cpp; path = ../src/gui/HYModelWindow.cpp; sourceTree = SOURCE_ROOT; };
		85A2BCCE0DE4E8C800682547 /* HYObjectInspector.cpp */ = {isa = PBXFileReference; fileEncoding = 4; lastKnownFileType = sourcecode.cpp.cpp; name = HYObjectInspector.cpp; path = ../src/gui/HYObjectInspector.cpp; sourceTree = SOURCE_ROOT; };
		85A2BCCF0DE4E8C800682547 /* HYParameterTable.cpp */ = {isa = PBXFileReference; fileEncoding = 4; lastKnownFileType = sourcecode.cpp.cpp; name = HYParameterTable.cpp; path = ../src/gui/HYParameterTable.cpp; sourceTree = SOURCE_ROOT; };
		85A2BCD00DE4E8C800682547 /* HYSharedMain.cpp */ = {isa = PBXFileReference; fileEncoding = 4; lastKnownFileType = sourcecode.cpp.cpp; name = HYSharedMain.cpp; path = ../src/gui/HYSharedMain.cpp; sourceTree = SOURCE_ROOT; };
		85A2BCD10DE4E8C800682547 /* HYTreePanel.cpp */ = {isa = PBXFileReference; fileEncoding = 4; lastKnownFileType = sourcecode.cpp.cpp; name = HYTreePanel.cpp; path = ../src/gui/HYTreePanel.cpp; sourceTree = SOURCE_ROOT; };
		85A2BCD20DE4E8C800682547 /* HYWindow.cpp */ = {isa = PBXFileReference; fileEncoding = 4; lastKnownFileType = sourcecode.cpp.cpp; name = HYWindow.cpp; path = ../src/gui/HYWindow.cpp; sourceTree = SOURCE_ROOT; };
		85A2BCE30DE4E9A000682547 /* HYButton.cpp */ = {isa = PBXFileReference; fileEncoding = 4; lastKnownFileType = sourcecode.cpp.cpp; name = HYButton.cpp; path = ../src/gui/Components/HYButton.cpp; sourceTree = SOURCE_ROOT; };
		85A2BCE40DE4E9A000682547 /* HYButtonBar.cpp */ = {isa = PBXFileReference; fileEncoding = 4; lastKnownFileType = sourcecode.cpp.cpp; name = HYButtonBar.cpp; path = ../src/gui/Components/HYButtonBar.cpp; sourceTree = SOURCE_ROOT; };
		85A2BCE50DE4E9A000682547 /* HYCheckBox.cpp */ = {isa = PBXFileReference; fileEncoding = 4; lastKnownFileType = sourcecode.cpp.cpp; name = HYCheckBox.cpp; path = ../src/gui/Components/HYCheckBox.cpp; sourceTree = SOURCE_ROOT; };
		85A2BCE60DE4E9A000682547 /* HYLabel.cpp */ = {isa = PBXFileReference; fileEncoding = 4; lastKnownFileType = sourcecode.cpp.cpp; name = HYLabel.cpp; path = ../src/gui/Components/HYLabel.cpp; sourceTree = SOURCE_ROOT; };
		85A2BCE70DE4E9A000682547 /* HYPullDown.cpp */ = {isa = PBXFileReference; fileEncoding = 4; lastKnownFileType = sourcecode.cpp.cpp; name = HYPullDown.cpp; path = ../src/gui/Components/HYPullDown.cpp; sourceTree = SOURCE_ROOT; };
		85A2BCE80DE4E9A000682547 /* HYSequencePanel.cpp */ = {isa = PBXFileReference; fileEncoding = 4; lastKnownFileType = sourcecode.cpp.cpp; name = HYSequencePanel.cpp; path = ../src/gui/Components/HYSequencePanel.cpp; sourceTree = SOURCE_ROOT; };
		85A2BCE90DE4E9A000682547 /* HYTable.cpp */ = {isa = PBXFileReference; fileEncoding = 4; lastKnownFileType = sourcecode.cpp.cpp; name = HYTable.cpp; path = ../src/gui/Components/HYTable.cpp; sourceTree = SOURCE_ROOT; };
		85A2BCEA0DE4E9A000682547 /* HYTextBox.cpp */ = {isa = PBXFileReference; fileEncoding = 4; lastKnownFileType = sourcecode.cpp.cpp; name = HYTextBox.cpp; path = ../src/gui/Components/HYTextBox.cpp; sourceTree = SOURCE_ROOT; };
		85A2BCF50DE4EA2100682547 /* HYPlatformComponent.cpp */ = {isa = PBXFileReference; fileEncoding = 4; lastKnownFileType = sourcecode.cpp.cpp; name = HYPlatformComponent.cpp; path = ../src/gui/mac/HYPlatformComponent.cpp; sourceTree = SOURCE_ROOT; };
		85A2BCF60DE4EA2100682547 /* HYPlatformGraphicPane.cpp */ = {isa = PBXFileReference; fileEncoding = 4; lastKnownFileType = sourcecode.cpp.cpp; name = HYPlatformGraphicPane.cpp; path = ../src/gui/mac/HYPlatformGraphicPane.cpp; sourceTree = SOURCE_ROOT; };
		85A2BCF70DE4EA2100682547 /* HYPlatformUtils.cpp */ = {isa = PBXFileReference; fileEncoding = 4; lastKnownFileType = sourcecode.cpp.cpp; name = HYPlatformUtils.cpp; path = ../src/gui/mac/HYPlatformUtils.cpp; sourceTree = SOURCE_ROOT; };
		85A2BCF80DE4EA2100682547 /* HYPlatformWindow.cpp */ = {isa = PBXFileReference; fileEncoding = 4; lastKnownFileType = sourcecode.cpp.cpp; name = HYPlatformWindow.cpp; path = ../src/gui/mac/HYPlatformWindow.cpp; sourceTree = SOURCE_ROOT; };
		85A2BD020DE4EA8600682547 /* HYPlatformButton.cpp */ = {isa = PBXFileReference; fileEncoding = 4; lastKnownFileType = sourcecode.cpp.cpp; name = HYPlatformButton.cpp; path = ../src/gui/mac/Components/HYPlatformButton.cpp; sourceTree = SOURCE_ROOT; };
		85A2BD030DE4EA8600682547 /* HYPlatformButtonBar.cpp */ = {isa = PBXFileReference; fileEncoding = 4; lastKnownFileType = sourcecode.cpp.cpp; name = HYPlatformButtonBar.cpp; path = ../src/gui/mac/Components/HYPlatformButtonBar.cpp; sourceTree = SOURCE_ROOT; };
		85A2BD040DE4EA8600682547 /* HYPlatformCheckBox.cpp */ = {isa = PBXFileReference; fileEncoding = 4; lastKnownFileType = sourcecode.cpp.cpp; name = HYPlatformCheckBox.cpp; path = ../src/gui/mac/Components/HYPlatformCheckBox.cpp; sourceTree = SOURCE_ROOT; };
		85A2BD050DE4EA8600682547 /* HYPlatformLabel.cpp */ = {isa = PBXFileReference; fileEncoding = 4; lastKnownFileType = sourcecode.cpp.cpp; name = HYPlatformLabel.cpp; path = ../src/gui/mac/Components/HYPlatformLabel.cpp; sourceTree = SOURCE_ROOT; };
		85A2BD060DE4EA8600682547 /* HYPlatformList.cpp */ = {isa = PBXFileReference; fileEncoding = 4; lastKnownFileType = sourcecode.cpp.cpp; name = HYPlatformList.cpp; path = ../src/gui/mac/Components/HYPlatformList.cpp; sourceTree = SOURCE_ROOT; };
		85A2BD070DE4EA8600682547 /* HYPlatformPullDown.cpp */ = {isa = PBXFileReference; fileEncoding = 4; lastKnownFileType = sourcecode.cpp.cpp; name = HYPlatformPullDown.cpp; path = ../src/gui/mac/Components/HYPlatformPullDown.cpp; sourceTree = SOURCE_ROOT; };
		85A2BD080DE4EA8600682547 /* HYPlatformSequencePane.cpp */ = {isa = PBXFileReference; fileEncoding = 4; lastKnownFileType = sourcecode.cpp.cpp; name = HYPlatformSequencePane.cpp; path = ../src/gui/mac/Components/HYPlatformSequencePane.cpp; sourceTree = SOURCE_ROOT; };
		85A2BD090DE4EA8600682547 /* HYPlatformTable.cpp */ = {isa = PBXFileReference; fileEncoding = 4; lastKnownFileType = sourcecode.cpp.cpp; name = HYPlatformTable.cpp; path = ../src/gui/mac/Components/HYPlatformTable.cpp; sourceTree = SOURCE_ROOT; };
		85A2BD0A0DE4EA8600682547 /* HYPlatformTextBox.cpp */ = {isa = PBXFileReference; fileEncoding = 4; lastKnownFileType = sourcecode.cpp.cpp; name = HYPlatformTextBox.cpp; path = ../src/gui/mac/Components/HYPlatformTextBox.cpp; sourceTree = SOURCE_ROOT; };
		85A2BD140DE4EAA600682547 /* HYPlatformBootsrapWindow.cpp */ = {isa = PBXFileReference; fileEncoding = 4; lastKnownFileType = sourcecode.cpp.cpp; name = HYPlatformBootsrapWindow.cpp; path = ../src/gui/mac/WindowClasses/HYPlatformBootsrapWindow.cpp; sourceTree = SOURCE_ROOT; };
		85A2BD150DE4EAA600682547 /* HYPlatformChartWindow.cpp */ = {isa = PBXFileReference; fileEncoding = 4; lastKnownFileType = sourcecode.cpp.cpp; name = HYPlatformChartWindow.cpp; path = ../src/gui/mac/WindowClasses/HYPlatformChartWindow.cpp; sourceTree = SOURCE_ROOT; };
		85A2BD160DE4EAA600682547 /* HYPlatformConsoleWindow.cpp */ = {isa = PBXFileReference; fileEncoding = 4; lastKnownFileType = sourcecode.cpp.cpp; name = HYPlatformConsoleWindow.cpp; path = ../src/gui/mac/WindowClasses/HYPlatformConsoleWindow.cpp; sourceTree = SOURCE_ROOT; };
		85A2BD170DE4EAA600682547 /* HYPlatformDataPanel.cpp */ = {isa = PBXFileReference; fileEncoding = 4; lastKnownFileType = sourcecode.cpp.cpp; name = HYPlatformDataPanel.cpp; path = ../src/gui/mac/WindowClasses/HYPlatformDataPanel.cpp; sourceTree = SOURCE_ROOT; };
		85A2BD180DE4EAA600682547 /* HYPlatformDBWindow.cpp */ = {isa = PBXFileReference; fileEncoding = 4; lastKnownFileType = sourcecode.cpp.cpp; name = HYPlatformDBWindow.cpp; path = ../src/gui/mac/WindowClasses/HYPlatformDBWindow.cpp; sourceTree = SOURCE_ROOT; };
		85A2BD190DE4EAA600682547 /* HYPlatformGWindow.cpp */ = {isa = PBXFileReference; fileEncoding = 4; lastKnownFileType = sourcecode.cpp.cpp; name = HYPlatformGWindow.cpp; path = ../src/gui/mac/WindowClasses/HYPlatformGWindow.cpp; sourceTree = SOURCE_ROOT; };
		85A2BD1A0DE4EAA600682547 /* HYPlatformModelWindow.cpp */ = {isa = PBXFileReference; fileEncoding = 4; lastKnownFileType = sourcecode.cpp.cpp; name = HYPlatformModelWindow.cpp; path = ../src/gui/mac/WindowClasses/HYPlatformModelWindow.cpp; sourceTree = SOURCE_ROOT; };
		85A2BD1B0DE4EAA600682547 /* HYPlatformParameterTable.cpp */ = {isa = PBXFileReference; fileEncoding = 4; lastKnownFileType = sourcecode.cpp.cpp; name = HYPlatformParameterTable.cpp; path = ../src/gui/mac/WindowClasses/HYPlatformParameterTable.cpp; sourceTree = SOURCE_ROOT; };
		85A2BD1C0DE4EAA600682547 /* HYPlatformPWindow.cpp */ = {isa = PBXFileReference; fileEncoding = 4; lastKnownFileType = sourcecode.cpp.cpp; name = HYPlatformPWindow.cpp; path = ../src/gui/mac/WindowClasses/HYPlatformPWindow.cpp; sourceTree = SOURCE_ROOT; };
		85A2BD1D0DE4EAA600682547 /* HYPlatformTreePanel.cpp */ = {isa = PBXFileReference; fileEncoding = 4; lastKnownFileType = sourcecode.cpp.cpp; name = HYPlatformTreePanel.cpp; path = ../src/gui/mac/WindowClasses/HYPlatformTreePanel.cpp; sourceTree = SOURCE_ROOT; };
		85A2BD1E0DE4EAA600682547 /* HYPlatformTWindow.cpp */ = {isa = PBXFileReference; fileEncoding = 4; lastKnownFileType = sourcecode.cpp.cpp; name = HYPlatformTWindow.cpp; path = ../src/gui/mac/WindowClasses/HYPlatformTWindow.cpp; sourceTree = SOURCE_ROOT; };
		85A2BD680DE4EC4900682547 /* Docs.icns */ = {isa = PBXFileReference; lastKnownFileType = image.icns; name = Docs.icns; path = ../src/gui/mac/Docs.icns; sourceTree = SOURCE_ROOT; };
		85A2BD690DE4EC4900682547 /* HYPHYMP.icns */ = {isa = PBXFileReference; lastKnownFileType = image.icns; name = HYPHYMP.icns; path = ../src/gui/mac/HYPHYMP.icns; sourceTree = SOURCE_ROOT; };
		85A2BD6B0DE4EC4900682547 /* plistmp.r */ = {isa = PBXFileReference; fileEncoding = 4; lastKnownFileType = sourcecode.rez; name = plistmp.r; path = ../src/gui/mac/plistmp.r; sourceTree = SOURCE_ROOT; };
		85A2BD6F0DE4EC6200682547 /* hydialogs.cpp */ = {isa = PBXFileReference; fileEncoding = 4; lastKnownFileType = sourcecode.cpp.cpp; name = hydialogs.cpp; path = ../src/gui/mac/hydialogs.cpp; sourceTree = SOURCE_ROOT; };
		85A2BD720DE4EC8100682547 /* HyPhy.rsrc */ = {isa = PBXFileReference; lastKnownFileType = archive.rsrc; name = HyPhy.rsrc; path = ../src/gui/mac/HyPhy.rsrc; sourceTree = SOURCE_ROOT; };
		85A2BD760DE4EC9B00682547 /* main-mac.cpp */ = {isa = PBXFileReference; fileEncoding = 4; lastKnownFileType = sourcecode.cpp.cpp; name = "main-mac.cpp"; path = ../src/mains/mac.cpp; sourceTree = SOURCE_ROOT; };
		85A2BFB90DE505FA00682547 /* ChartAddIns */ = {isa = PBXFileReference; lastKnownFileType = folder; name = ChartAddIns; path = ../res/ChartAddIns; sourceTree = SOURCE_ROOT; };
		85A2BFF00DE5066D00682547 /* DatapanelAddIns */ = {isa = PBXFileReference; lastKnownFileType = folder; name = DatapanelAddIns; path = ../res/DatapanelAddIns; sourceTree = SOURCE_ROOT; };
		85A2BFFC0DE5066D00682547 /* GeneticCodes */ = {isa = PBXFileReference; lastKnownFileType = folder; name = GeneticCodes; path = ../res/GeneticCodes; sourceTree = SOURCE_ROOT; };
		85A2C00A0DE5066D00682547 /* SubstitutionClasses */ = {isa = PBXFileReference; lastKnownFileType = folder; name = SubstitutionClasses; path = ../res/SubstitutionClasses; sourceTree = SOURCE_ROOT; };
		85A2C02C0DE5066D00682547 /* SubstitutionModels */ = {isa = PBXFileReference; lastKnownFileType = folder; name = SubstitutionModels; path = ../res/SubstitutionModels; sourceTree = SOURCE_ROOT; };
		85A2C0590DE5066D00682547 /* TemplateBatchFiles */ = {isa = PBXFileReference; lastKnownFileType = folder; name = TemplateBatchFiles; path = ../res/TemplateBatchFiles; sourceTree = SOURCE_ROOT; };
		85A2C19D0DE5066E00682547 /* TopologyInference */ = {isa = PBXFileReference; lastKnownFileType = folder; name = TopologyInference; path = ../res/TopologyInference; sourceTree = SOURCE_ROOT; };
		85A2C1A80DE5066E00682547 /* TreeAddIns */ = {isa = PBXFileReference; lastKnownFileType = folder; name = TreeAddIns; path = ../res/TreeAddIns; sourceTree = SOURCE_ROOT; };
		85A2C1AC0DE5066E00682547 /* UserAddins */ = {isa = PBXFileReference; lastKnownFileType = folder; name = UserAddins; path = ../res/UserAddins; sourceTree = SOURCE_ROOT; };
		85BC6FB3115B51B100686747 /* likefunc2.cpp */ = {isa = PBXFileReference; fileEncoding = 4; lastKnownFileType = sourcecode.cpp.cpp; name = likefunc2.cpp; path = ../src/core/likefunc2.cpp; sourceTree = SOURCE_ROOT; };
		85E3A84A133015180066FB14 /* data */ = {isa = PBXFileReference; lastKnownFileType = folder; name = data; path = ../res/data; sourceTree = "<group>"; };
		85FD3CDA132AC962006CA61A /* Carbon.framework */ = {isa = PBXFileReference; lastKnownFileType = wrapper.framework; name = Carbon.framework; path = /System/Library/Frameworks/Carbon.framework; sourceTree = "<group>"; };
		85FD3CDC132AC972006CA61A /* QuickTime.framework */ = {isa = PBXFileReference; lastKnownFileType = wrapper.framework; name = QuickTime.framework; path = /System/Library/Frameworks/QuickTime.framework; sourceTree = "<group>"; };
/* End PBXFileReference section */

/* Begin PBXFrameworksBuildPhase section */
		8D0C4E910486CD37000505A6 /* Frameworks */ = {
			isa = PBXFrameworksBuildPhase;
			buildActionMask = 2147483647;
			files = (
				85FD3CDD132AC972006CA61A /* QuickTime.framework in Frameworks */,
				85FD3CDB132AC962006CA61A /* Carbon.framework in Frameworks */,
			);
			runOnlyForDeploymentPostprocessing = 0;
		};
/* End PBXFrameworksBuildPhase section */

/* Begin PBXGroup section */
		195DF8CFFE9D517E11CA2CBB /* Products */ = {
			isa = PBXGroup;
			children = (
				853C46871416D0EE00DEA2FC /* HyPhy.app */,
			);
			name = Products;
			sourceTree = "<group>";
		};
		20286C29FDCF999611CA2CEA /* HyPhyXCode */ = {
			isa = PBXGroup;
			children = (
				85E3A84A133015180066FB14 /* data */,
				85FD3CDC132AC972006CA61A /* QuickTime.framework */,
				85FD3CDA132AC962006CA61A /* Carbon.framework */,
				8593AB720DE7883B008384A0 /* Help */,
				85A2BFEF0DE5064D00682547 /* HBL */,
				20286C2AFDCF999611CA2CEA /* Sources */,
				20286C2CFDCF999611CA2CEA /* Resources */,
				20286C32FDCF999611CA2CEA /* External Frameworks and Libraries */,
				195DF8CFFE9D517E11CA2CBB /* Products */,
			);
			name = HyPhyXCode;
			sourceTree = "<group>";
		};
		20286C2AFDCF999611CA2CEA /* Sources */ = {
			isa = PBXGroup;
			children = (
				85E0CF4913B15F9500EDD8B8 /* Tests */,
				85A2BD760DE4EC9B00682547 /* main-mac.cpp */,
				85A2BC900DE4E7F200682547 /* Core */,
				85A2BCC30DE4E88400682547 /* CoreGUI */,
				85A2BD2A0DE4EAB300682547 /* External */,
				85A2BCBA0DE4E84800682547 /* MachineLearningComponents */,
				85A2BCF30DE4E9EA00682547 /* PlatformGUI */,
			);
			name = Sources;
			sourceTree = "<group>";
		};
		20286C2CFDCF999611CA2CEA /* Resources */ = {
			isa = PBXGroup;
			children = (
				85A2BD720DE4EC8100682547 /* HyPhy.rsrc */,
				85A2BD680DE4EC4900682547 /* Docs.icns */,
				85A2BD690DE4EC4900682547 /* HYPHYMP.icns */,
				85311C4F118F3110007C79C3 /* Info.plist */,
				85A2BD6B0DE4EC4900682547 /* plistmp.r */,
			);
			name = Resources;
			sourceTree = "<group>";
		};
		20286C32FDCF999611CA2CEA /* External Frameworks and Libraries */ = {
			isa = PBXGroup;
			children = (
				8529BBD60E2D543E001B4F53 /* Carbon.framework */,
				8529BB140E2D5431001B4F53 /* QuickTime.framework */,
			);
			name = "External Frameworks and Libraries";
			sourceTree = "<group>";
		};
		85A2BC900DE4E7F200682547 /* Core */ = {
			isa = PBXGroup;
			children = (
				85A2BC910DE4E80E00682547 /* baseobj.cpp */,
				85A2BC920DE4E80E00682547 /* batchlan.cpp */,
				85A2BC930DE4E80E00682547 /* batchlan2.cpp */,
				85A2BC940DE4E80E00682547 /* calcnode.cpp */,
				858A917C0E2BC5C90070B4AE /* calcnode2.cpp */,
				85A2BC950DE4E80E00682547 /* category.cpp */,
				85A2BC960DE4E80E00682547 /* error.cpp */,
				85A2BC970DE4E80E00682547 /* fisher_exact.cpp */,
				85A2BC980DE4E80E00682547 /* likefunc.cpp */,
				85BC6FB3115B51B100686747 /* likefunc2.cpp */,
				85A2BC990DE4E80E00682547 /* list.cpp */,
				85A2BC9A0DE4E80E00682547 /* matrix.cpp */,
				85A2BC9B0DE4E80E00682547 /* nexus.cpp */,
				85A2BC9C0DE4E80E00682547 /* parser.cpp */,
				85A2BC9D0DE4E80E00682547 /* parser2.cpp */,
				85A2BC9E0DE4E80E00682547 /* polynoml.cpp */,
				85A2BC9F0DE4E80E00682547 /* preferences.cpp */,
				85A2BCA00DE4E80E00682547 /* regex.cpp */,
				85A2BCA10DE4E80E00682547 /* sequence.cpp */,
				85A2BCA20DE4E80E00682547 /* site.cpp */,
				85A2BCA30DE4E80E00682547 /* strings.cpp */,
			);
			name = Core;
			sourceTree = "<group>";
		};
		85A2BCBA0DE4E84800682547 /* MachineLearningComponents */ = {
			isa = PBXGroup;
			children = (
				8599DC700F7C367900958ED8 /* bayesgraph.cpp */,
				8599DC710F7C367900958ED8 /* bayesgraph2.cpp */,
				85A2BCBB0DE4E87D00682547 /* bgm.cpp */,
				0E63E81D0E7C6A00002AC53B /* bgm2.cpp */,
				85A2BCBC0DE4E87D00682547 /* HYNetInterface.cpp */,
				85A2BCBD0DE4E87D00682547 /* Net.cpp */,
				85A2BCBE0DE4E87D00682547 /* scfg.cpp */,
			);
			name = MachineLearningComponents;
			sourceTree = "<group>";
		};
		85A2BCC30DE4E88400682547 /* CoreGUI */ = {
			isa = PBXGroup;
			children = (
				85A2BCFE0DE4EA2900682547 /* Window Classes */,
				85A2BCE20DE4E8CD00682547 /* Widgets */,
				85A2BCC40DE4E8C800682547 /* HYBaseGUI.cpp */,
				85A2BCC60DE4E8C800682547 /* HYComponent.cpp */,
				85A2BCCA0DE4E8C800682547 /* HYDialogDefs.cpp */,
				85A2BCCB0DE4E8C800682547 /* HYEventTypes.cpp */,
				85A2BCCC0DE4E8C800682547 /* HYGraphicPane.cpp */,
				85A2BCD00DE4E8C800682547 /* HYSharedMain.cpp */,
			);
			name = CoreGUI;
			sourceTree = "<group>";
		};
		85A2BCE20DE4E8CD00682547 /* Widgets */ = {
			isa = PBXGroup;
			children = (
				85A2BCE30DE4E9A000682547 /* HYButton.cpp */,
				85A2BCE40DE4E9A000682547 /* HYButtonBar.cpp */,
				85A2BCE50DE4E9A000682547 /* HYCheckBox.cpp */,
				85A2BCE60DE4E9A000682547 /* HYLabel.cpp */,
				85A2BCE70DE4E9A000682547 /* HYPullDown.cpp */,
				85A2BCE80DE4E9A000682547 /* HYSequencePanel.cpp */,
				85A2BCE90DE4E9A000682547 /* HYTable.cpp */,
				85A2BCEA0DE4E9A000682547 /* HYTextBox.cpp */,
			);
			name = Widgets;
			sourceTree = "<group>";
		};
		85A2BCF30DE4E9EA00682547 /* PlatformGUI */ = {
			isa = PBXGroup;
			children = (
				85A2BD010DE4EA6000682547 /* Widgets */,
				85A2BD000DE4EA5600682547 /* Window Classes */,
				85A2BD6F0DE4EC6200682547 /* hydialogs.cpp */,
				85A2BCF50DE4EA2100682547 /* HYPlatformComponent.cpp */,
				85A2BCF60DE4EA2100682547 /* HYPlatformGraphicPane.cpp */,
				85A2BCF70DE4EA2100682547 /* HYPlatformUtils.cpp */,
				85A2BCF80DE4EA2100682547 /* HYPlatformWindow.cpp */,
			);
			name = PlatformGUI;
			sourceTree = "<group>";
		};
		85A2BCFE0DE4EA2900682547 /* Window Classes */ = {
			isa = PBXGroup;
			children = (
				85A2BCC50DE4E8C800682547 /* HYChartWindow.cpp */,
				85A2BCC70DE4E8C800682547 /* HYConsoleWindow.cpp */,
				85A2BCC80DE4E8C800682547 /* HYDataPanel.cpp */,
				85A2BCC90DE4E8C800682547 /* HYDBWindow.cpp */,
				85A2BCCD0DE4E8C800682547 /* HYModelWindow.cpp */,
				85A2BCCE0DE4E8C800682547 /* HYObjectInspector.cpp */,
				85A2BCCF0DE4E8C800682547 /* HYParameterTable.cpp */,
				85A2BCD10DE4E8C800682547 /* HYTreePanel.cpp */,
				85A2BCD20DE4E8C800682547 /* HYWindow.cpp */,
			);
			name = "Window Classes";
			sourceTree = "<group>";
		};
		85A2BD000DE4EA5600682547 /* Window Classes */ = {
			isa = PBXGroup;
			children = (
				85A2BD140DE4EAA600682547 /* HYPlatformBootsrapWindow.cpp */,
				85A2BD150DE4EAA600682547 /* HYPlatformChartWindow.cpp */,
				85A2BD160DE4EAA600682547 /* HYPlatformConsoleWindow.cpp */,
				85A2BD170DE4EAA600682547 /* HYPlatformDataPanel.cpp */,
				85A2BD180DE4EAA600682547 /* HYPlatformDBWindow.cpp */,
				85A2BD190DE4EAA600682547 /* HYPlatformGWindow.cpp */,
				85A2BD1A0DE4EAA600682547 /* HYPlatformModelWindow.cpp */,
				85A2BD1B0DE4EAA600682547 /* HYPlatformParameterTable.cpp */,
				85A2BD1C0DE4EAA600682547 /* HYPlatformPWindow.cpp */,
				85A2BD1D0DE4EAA600682547 /* HYPlatformTreePanel.cpp */,
				85A2BD1E0DE4EAA600682547 /* HYPlatformTWindow.cpp */,
			);
			name = "Window Classes";
			sourceTree = "<group>";
		};
		85A2BD010DE4EA6000682547 /* Widgets */ = {
			isa = PBXGroup;
			children = (
				85A2BD020DE4EA8600682547 /* HYPlatformButton.cpp */,
				85A2BD030DE4EA8600682547 /* HYPlatformButtonBar.cpp */,
				85A2BD040DE4EA8600682547 /* HYPlatformCheckBox.cpp */,
				85A2BD050DE4EA8600682547 /* HYPlatformLabel.cpp */,
				85A2BD060DE4EA8600682547 /* HYPlatformList.cpp */,
				85A2BD070DE4EA8600682547 /* HYPlatformPullDown.cpp */,
				85A2BD080DE4EA8600682547 /* HYPlatformSequencePane.cpp */,
				85A2BD090DE4EA8600682547 /* HYPlatformTable.cpp */,
				85A2BD0A0DE4EA8600682547 /* HYPlatformTextBox.cpp */,
			);
			name = Widgets;
			sourceTree = "<group>";
		};
		85A2BD2A0DE4EAB300682547 /* External */ = {
			isa = PBXGroup;
			children = (
				85A2BD2B0DE4EABF00682547 /* SQLite */,
			);
			name = External;
			sourceTree = "<group>";
		};
		85A2BD2B0DE4EABF00682547 /* SQLite */ = {
			isa = PBXGroup;
			children = (
				8514AFA30FA7770E00A0B10D /* sqlite3.c */,
			);
			name = SQLite;
			sourceTree = "<group>";
		};
		85A2BFEF0DE5064D00682547 /* HBL */ = {
			isa = PBXGroup;
			children = (
				85A2BFF00DE5066D00682547 /* DatapanelAddIns */,
				85A2BFFC0DE5066D00682547 /* GeneticCodes */,
				85A2C00A0DE5066D00682547 /* SubstitutionClasses */,
				85A2C02C0DE5066D00682547 /* SubstitutionModels */,
				85A2C0590DE5066D00682547 /* TemplateBatchFiles */,
				85A2C19D0DE5066E00682547 /* TopologyInference */,
				85A2C1A80DE5066E00682547 /* TreeAddIns */,
				85A2C1AC0DE5066E00682547 /* UserAddins */,
				85A2BFB90DE505FA00682547 /* ChartAddIns */,
			);
			name = HBL;
			sourceTree = "<group>";
		};
		85E0CF4913B15F9500EDD8B8 /* Tests */ = {
			isa = PBXGroup;
			children = (
				2FCAFD7513AC02300036C5B0 /* ut_strings.cpp */,
			);
			name = Tests;
			sourceTree = "<group>";
		};
/* End PBXGroup section */

/* Begin PBXNativeTarget section */
		8D0C4E890486CD37000505A6 /* HyPhyXCode */ = {
			isa = PBXNativeTarget;
			buildConfigurationList = C0E91AC508A95435008D54AB /* Build configuration list for PBXNativeTarget "HyPhyXCode" */;
			buildPhases = (
				8D0C4E8F0486CD37000505A6 /* Sources */,
				8D0C4E8C0486CD37000505A6 /* Resources */,
				8D0C4E910486CD37000505A6 /* Frameworks */,
				85A2BF8A0DE504AF00682547 /* CopyFiles */,
			);
			buildRules = (
			);
			dependencies = (
			);
			name = HyPhyXCode;
			productInstallPath = "$(HOME)/Applications";
			productName = HyPhyXCode;
			productReference = 853C46871416D0EE00DEA2FC /* HyPhy.app */;
			productType = "com.apple.product-type.application";
		};
/* End PBXNativeTarget section */

/* Begin PBXProject section */
		20286C28FDCF999611CA2CEA /* Project object */ = {
			isa = PBXProject;
			buildConfigurationList = C0E91AC908A95435008D54AB /* Build configuration list for PBXProject "hyphy" */;
			compatibilityVersion = "Xcode 3.0";
			developmentRegion = English;
			hasScannedForEncodings = 1;
			knownRegions = (
				English,
				Japanese,
				French,
				German,
			);
			mainGroup = 20286C29FDCF999611CA2CEA /* HyPhyXCode */;
			projectDirPath = "";
			projectRoot = ..;
			targets = (
				8D0C4E890486CD37000505A6 /* HyPhyXCode */,
			);
		};
/* End PBXProject section */

/* Begin PBXResourcesBuildPhase section */
		8D0C4E8C0486CD37000505A6 /* Resources */ = {
			isa = PBXResourcesBuildPhase;
			buildActionMask = 2147483647;
			files = (
				85A2BD6C0DE4EC4900682547 /* Docs.icns in Resources */,
				85A2BD6D0DE4EC4900682547 /* HYPHYMP.icns in Resources */,
				85A2BD730DE4EC8100682547 /* HyPhy.rsrc in Resources */,
				85311C50118F3110007C79C3 /* Info.plist in Resources */,
			);
			runOnlyForDeploymentPostprocessing = 0;
		};
/* End PBXResourcesBuildPhase section */

/* Begin PBXSourcesBuildPhase section */
		8D0C4E8F0486CD37000505A6 /* Sources */ = {
			isa = PBXSourcesBuildPhase;
			buildActionMask = 2147483647;
			files = (
				85A2BCA40DE4E80E00682547 /* baseobj.cpp in Sources */,
				85A2BCA50DE4E80E00682547 /* batchlan.cpp in Sources */,
				85A2BCA60DE4E80E00682547 /* batchlan2.cpp in Sources */,
				85A2BCA70DE4E80E00682547 /* calcnode.cpp in Sources */,
				85A2BCA80DE4E80E00682547 /* category.cpp in Sources */,
				85A2BCA90DE4E80E00682547 /* error.cpp in Sources */,
				85A2BCAA0DE4E80E00682547 /* fisher_exact.cpp in Sources */,
				85A2BCAB0DE4E80E00682547 /* likefunc.cpp in Sources */,
				85A2BCAC0DE4E80E00682547 /* list.cpp in Sources */,
				85A2BCAD0DE4E80E00682547 /* matrix.cpp in Sources */,
				85A2BCAE0DE4E80E00682547 /* nexus.cpp in Sources */,
				85A2BCAF0DE4E80E00682547 /* parser.cpp in Sources */,
				85A2BCB00DE4E80E00682547 /* parser2.cpp in Sources */,
				85A2BCB10DE4E80E00682547 /* polynoml.cpp in Sources */,
				85A2BCB20DE4E80E00682547 /* preferences.cpp in Sources */,
				85A2BCB30DE4E80E00682547 /* regex.cpp in Sources */,
				85A2BCB40DE4E80E00682547 /* sequence.cpp in Sources */,
				85A2BCB50DE4E80E00682547 /* site.cpp in Sources */,
				85A2BCC00DE4E87D00682547 /* HYNetInterface.cpp in Sources */,
				85A2BCC10DE4E87D00682547 /* Net.cpp in Sources */,
				85A2BCC20DE4E87D00682547 /* scfg.cpp in Sources */,
				85A2BCD30DE4E8C800682547 /* HYBaseGUI.cpp in Sources */,
				85A2BCD40DE4E8C800682547 /* HYChartWindow.cpp in Sources */,
				85A2BCD50DE4E8C800682547 /* HYComponent.cpp in Sources */,
				85A2BCD60DE4E8C800682547 /* HYConsoleWindow.cpp in Sources */,
				85A2BCD70DE4E8C800682547 /* HYDataPanel.cpp in Sources */,
				85A2BCD80DE4E8C800682547 /* HYDBWindow.cpp in Sources */,
				85A2BCD90DE4E8C800682547 /* HYDialogDefs.cpp in Sources */,
				85A2BCDA0DE4E8C800682547 /* HYEventTypes.cpp in Sources */,
				85A2BCDB0DE4E8C800682547 /* HYGraphicPane.cpp in Sources */,
				85A2BCDC0DE4E8C800682547 /* HYModelWindow.cpp in Sources */,
				85A2BCDD0DE4E8C800682547 /* HYObjectInspector.cpp in Sources */,
				85A2BCDE0DE4E8C800682547 /* HYParameterTable.cpp in Sources */,
				85A2BCDF0DE4E8C800682547 /* HYSharedMain.cpp in Sources */,
				85A2BCE00DE4E8C800682547 /* HYTreePanel.cpp in Sources */,
				85A2BCE10DE4E8C800682547 /* HYWindow.cpp in Sources */,
				85A2BCEB0DE4E9A000682547 /* HYButton.cpp in Sources */,
				85A2BCEC0DE4E9A000682547 /* HYButtonBar.cpp in Sources */,
				85A2BCED0DE4E9A000682547 /* HYCheckBox.cpp in Sources */,
				85A2BCEE0DE4E9A000682547 /* HYLabel.cpp in Sources */,
				85A2BCEF0DE4E9A000682547 /* HYPullDown.cpp in Sources */,
				85A2BCF00DE4E9A000682547 /* HYSequencePanel.cpp in Sources */,
				85A2BCF10DE4E9A000682547 /* HYTable.cpp in Sources */,
				85A2BCF20DE4E9A000682547 /* HYTextBox.cpp in Sources */,
				85A2BCFA0DE4EA2100682547 /* HYPlatformComponent.cpp in Sources */,
				85A2BCFB0DE4EA2100682547 /* HYPlatformGraphicPane.cpp in Sources */,
				85A2BCFC0DE4EA2100682547 /* HYPlatformUtils.cpp in Sources */,
				85A2BCFD0DE4EA2100682547 /* HYPlatformWindow.cpp in Sources */,
				85A2BD0B0DE4EA8600682547 /* HYPlatformButton.cpp in Sources */,
				85A2BD0C0DE4EA8600682547 /* HYPlatformButtonBar.cpp in Sources */,
				85A2BD0D0DE4EA8600682547 /* HYPlatformCheckBox.cpp in Sources */,
				85A2BD0E0DE4EA8600682547 /* HYPlatformLabel.cpp in Sources */,
				85A2BD0F0DE4EA8600682547 /* HYPlatformList.cpp in Sources */,
				85A2BD100DE4EA8600682547 /* HYPlatformPullDown.cpp in Sources */,
				85A2BD110DE4EA8600682547 /* HYPlatformSequencePane.cpp in Sources */,
				85A2BD120DE4EA8600682547 /* HYPlatformTable.cpp in Sources */,
				85A2BD130DE4EA8600682547 /* HYPlatformTextBox.cpp in Sources */,
				85A2BD1F0DE4EAA700682547 /* HYPlatformBootsrapWindow.cpp in Sources */,
				85A2BD200DE4EAA700682547 /* HYPlatformChartWindow.cpp in Sources */,
				85A2BD210DE4EAA700682547 /* HYPlatformConsoleWindow.cpp in Sources */,
				85A2BD220DE4EAA700682547 /* HYPlatformDataPanel.cpp in Sources */,
				85A2BD230DE4EAA700682547 /* HYPlatformDBWindow.cpp in Sources */,
				85A2BD240DE4EAA700682547 /* HYPlatformGWindow.cpp in Sources */,
				85A2BD250DE4EAA700682547 /* HYPlatformModelWindow.cpp in Sources */,
				85A2BD260DE4EAA700682547 /* HYPlatformParameterTable.cpp in Sources */,
				85A2BD270DE4EAA700682547 /* HYPlatformPWindow.cpp in Sources */,
				85A2BD280DE4EAA700682547 /* HYPlatformTreePanel.cpp in Sources */,
				85A2BD290DE4EAA700682547 /* HYPlatformTWindow.cpp in Sources */,
				85A2BD700DE4EC6200682547 /* hydialogs.cpp in Sources */,
				85A2BD770DE4EC9B00682547 /* main-mac.cpp in Sources */,
				858A917E0E2BC5C90070B4AE /* calcnode2.cpp in Sources */,
				8520A72B0E3007DE003B9F2C /* bgm.cpp in Sources */,
				0E63E81E0E7C6A00002AC53B /* bgm2.cpp in Sources */,
				8599DC720F7C367900958ED8 /* bayesgraph.cpp in Sources */,
				8599DC730F7C367900958ED8 /* bayesgraph2.cpp in Sources */,
				8514AFA40FA7770E00A0B10D /* sqlite3.c in Sources */,
				85A942AA0FE0AA28009F1FB1 /* strings.cpp in Sources */,
				85BC6FB4115B51B100686747 /* likefunc2.cpp in Sources */,
			);
			runOnlyForDeploymentPostprocessing = 0;
		};
/* End PBXSourcesBuildPhase section */

/* Begin XCBuildConfiguration section */
		853F265C133C048D00190D5E /* Optimized + Debug Info */ = {
			isa = XCBuildConfiguration;
			buildSettings = {
				ARCHS = "$(ARCHS_STANDARD_32_BIT_PRE_XCODE_3_1)";
				ARCHS_STANDARD_32_BIT_PRE_XCODE_3_1 = "ppc i386";
				CURRENT_PROJECT_VERSION = 3.00beta;
				DEAD_CODE_STRIPPING = YES;
				DEPLOYMENT_POSTPROCESSING = YES;
				ENABLE_OPENMP_SUPPORT = YES;
				GCC_AUTO_VECTORIZATION = YES;
				GCC_C_LANGUAGE_STANDARD = gnu99;
				GCC_DYNAMIC_NO_PIC = NO;
				GCC_ENABLE_CPP_EXCEPTIONS = NO;
				GCC_ENABLE_CPP_RTTI = NO;
				GCC_ENABLE_SSE3_EXTENSIONS = YES;
				GCC_ENABLE_SSE41_EXTENSIONS = YES;
				GCC_ENABLE_SSE42_EXTENSIONS = YES;
				GCC_ENABLE_SUPPLEMENTAL_SSE3_INSTRUCTIONS = YES;
				GCC_GENERATE_DEBUGGING_SYMBOLS = YES;
				GCC_MODEL_TUNING = G5;
				GCC_OPTIMIZATION_LEVEL = 3;
				GCC_PRECOMPILE_PREFIX_HEADER = NO;
				GCC_PREPROCESSOR_DEFINITIONS = (
					_SLKP_LFENGINE_REWRITE_,
					__HYPHYXCODE__,
					__MAC__,
					__MP__,
				);
				GCC_STRICT_ALIASING = NO;
				GCC_UNROLL_LOOPS = YES;
				GCC_VERSION = com.apple.compilers.llvmgcc42;
				GCC_WARN_ABOUT_DEPRECATED_FUNCTIONS = NO;
				GCC_WARN_ABOUT_RETURN_TYPE = YES;
				GCC_WARN_UNUSED_VARIABLE = YES;
				INFOPLIST_FILE = "$(PROJECT_DIR)/../src/gui/Platform\\ Source/MacOS/Info.plist";
				LLVM_LTO = NO;
				MACOSX_DEPLOYMENT_TARGET = 10.4;
				ONLY_ACTIVE_ARCH = NO;
				PREBINDING = NO;
				PRESERVE_DEAD_CODE_INITS_AND_TERMS = YES;
				PRODUCT_NAME = HYPHYProfiled;
				SDKROOT = "$(DEVELOPER_SDK_DIR)/MacOSX10.6.sdk";
				USER_HEADER_SEARCH_PATHS = "$(PROJECT_DIR)/../src/core/include $(PROJECT_DIR)/../src/gui/include $(PROJECT_DIR)/../src/gui/mac/include $(PROJECT_DIR)/../src/new/include";
			};
			name = "Optimized + Debug Info";
		};
		853F265D133C048D00190D5E /* Optimized + Debug Info */ = {
			isa = XCBuildConfiguration;
			buildSettings = {
				CONFIGURATION_BUILD_DIR = "$(BUILD_DIR)/HYPHYOSX";
				DEBUG_INFORMATION_FORMAT = "dwarf-with-dsym";
				FRAMEWORK_SEARCH_PATHS = "$(inherited)";
				GCC_MODEL_TUNING = G5;
				GCC_OPTIMIZATION_LEVEL = 3;
				GCC_PRECOMPILE_PREFIX_HEADER = NO;
				GCC_PREFIX_HEADER = "";
				HEADER_SEARCH_PATHS = (
					/Developer/Headers/FlatCarbon,
					"$(HEADER_SEARCH_PATHS)",
				);
				INFOPLIST_FILE = "$(PROJECT_DIR)/../src/gui/mac/Info.plist";
				INSTALL_PATH = "$(HOME)/Applications";
				MACOSX_DEPLOYMENT_TARGET = "";
				PRODUCT_NAME = HyPhy;
				SDKROOT = "$(DEVELOPER_SDK_DIR)/MacOSX10.6.sdk";
				SYMROOT = "$(PROJECT_DIR)/../../hyphybuilds";
				USER_HEADER_SEARCH_PATHS = "$(PROJECT_DIR)/../src/core/include/** $(PROJECT_DIR)/../src/gui/include/** $(PROJECT_DIR)/../src/gui/mac/include/** $(PROJECT_DIR)/../src/new/include";
				VALID_ARCHS = i386;
				WRAPPER_EXTENSION = app;
			};
			name = "Optimized + Debug Info";
		};
		85748615122746750001A77A /* Debug + GCOV */ = {
			isa = XCBuildConfiguration;
			buildSettings = {
				ARCHS = "$(ARCHS_STANDARD_32_BIT_PRE_XCODE_3_1)";
				ARCHS_STANDARD_32_BIT_PRE_XCODE_3_1 = "ppc i386";
				CURRENT_PROJECT_VERSION = 3.00beta;
				DEAD_CODE_STRIPPING = YES;
				ENABLE_OPENMP_SUPPORT = YES;
				GCC_C_LANGUAGE_STANDARD = c99;
				GCC_ENABLE_CPP_EXCEPTIONS = NO;
				GCC_ENABLE_CPP_RTTI = NO;
				GCC_ENABLE_FIX_AND_CONTINUE = YES;
				GCC_GENERATE_TEST_COVERAGE_FILES = YES;
				GCC_INSTRUMENT_PROGRAM_FLOW_ARCS = YES;
				GCC_MODEL_TUNING = "";
				GCC_PRECOMPILE_PREFIX_HEADER = NO;
				GCC_PREPROCESSOR_DEFINITIONS = (
					__HYPHYXCODE__,
					__MAC__,
					"ACCESSOR_CALLS_ARE_FUNCTIONS=1",
					"OPAQUE_TOOLBOX_STRUCTS=1",
					"TARGET_API_MAC_CARBON=1",
					__MP__,
					"SQLITE_PTR_SZ=4",
					_SLKP_LFENGINE_REWRITE_,
				);
				GCC_VERSION = com.apple.compilers.llvmgcc42;
				GCC_WARN_ABOUT_DEPRECATED_FUNCTIONS = NO;
				GCC_WARN_ABOUT_RETURN_TYPE = YES;
				GCC_WARN_UNUSED_VARIABLE = YES;
				HEADER_SEARCH_PATHS = (
					/Developer/Headers/FlatCarbon,
					"$(HEADER_SEARCH_PATHS)",
				);
				INFOPLIST_FILE = "$(PROJECT_DIR)/../src/gui/Platform\\ Source/MacOS/Info.plist";
				MACOSX_DEPLOYMENT_TARGET = 10.4;
				ONLY_ACTIVE_ARCH = NO;
				OTHER_LDFLAGS = "-lgcov";
				PREBINDING = NO;
				PRESERVE_DEAD_CODE_INITS_AND_TERMS = YES;
				PRODUCT_NAME = HyPhyDebug;
				SDKROOT = "$(DEVELOPER_SDK_DIR)/MacOSX10.6.sdk";
				USER_HEADER_SEARCH_PATHS = "$(PROJECT_DIR)/../src/core/include $(PROJECT_DIR)/../src/gui/include $(PROJECT_DIR)/../src/gui/mac/include $(PROJECT_DIR)/../src/new/include";
			};
			name = "Debug + GCOV";
		};
		85748616122746750001A77A /* Debug + GCOV */ = {
			isa = XCBuildConfiguration;
			buildSettings = {
				COPY_PHASE_STRIP = NO;
				FRAMEWORK_SEARCH_PATHS = "$(inherited)";
				GCC_DYNAMIC_NO_PIC = NO;
				GCC_ENABLE_FIX_AND_CONTINUE = YES;
				GCC_MODEL_TUNING = G5;
				GCC_OPTIMIZATION_LEVEL = 0;
				GCC_PRECOMPILE_PREFIX_HEADER = NO;
				GCC_PREFIX_HEADER = "";
				INFOPLIST_FILE = "$(PROJECT_DIR)/../src/gui/mac/Info.plist";
				INSTALL_PATH = "$(HOME)/Applications";
				MACOSX_DEPLOYMENT_TARGET = "";
				PRODUCT_NAME = HyPhy;
				SDKROOT = "$(DEVELOPER_SDK_DIR)/MacOSX10.6.sdk";
				SYMROOT = "$(PROJECT_DIR)/../../hyphybuilds";
				USER_HEADER_SEARCH_PATHS = "$(PROJECT_DIR)/../src/core/include/** $(PROJECT_DIR)/../src/gui/include/** $(PROJECT_DIR)/../src/gui/mac/include/** $(PROJECT_DIR)/../src/new/include";
				VALID_ARCHS = i386;
				WRAPPER_EXTENSION = app;
				ZERO_LINK = YES;
			};
			name = "Debug + GCOV";
		};
		85ED8D19103A12A400DFE4EE /* Debug MPI */ = {
			isa = XCBuildConfiguration;
			buildSettings = {
				ARCHS = "$(ARCHS_STANDARD_32_BIT_PRE_XCODE_3_1)";
				ARCHS_STANDARD_32_BIT_PRE_XCODE_3_1 = "ppc i386";
				CURRENT_PROJECT_VERSION = 3.00beta;
				DEAD_CODE_STRIPPING = YES;
				ENABLE_OPENMP_SUPPORT = YES;
				GCC_C_LANGUAGE_STANDARD = c99;
				GCC_ENABLE_CPP_EXCEPTIONS = NO;
				GCC_ENABLE_CPP_RTTI = NO;
				GCC_ENABLE_FIX_AND_CONTINUE = YES;
				GCC_MODEL_TUNING = "";
				GCC_PRECOMPILE_PREFIX_HEADER = NO;
				GCC_PREPROCESSOR_DEFINITIONS = (
					__HYPHYXCODE__,
					__MAC__,
					__HYPHYMPI__,
					_SLKP_LFENGINE_REWRITE_,
				);
				GCC_VERSION = com.apple.compilers.llvm.clang.1_0;
				GCC_WARN_ABOUT_DEPRECATED_FUNCTIONS = NO;
				GCC_WARN_ABOUT_RETURN_TYPE = YES;
				GCC_WARN_UNUSED_VARIABLE = YES;
				HEADER_SEARCH_PATHS = (
					/Developer/Headers/FlatCarbon,
					"$(HEADER_SEARCH_PATHS)",
				);
				INFOPLIST_FILE = "$(PROJECT_DIR)/../src/gui/Platform\\ Source/MacOS/Info.plist";
				MACOSX_DEPLOYMENT_TARGET = 10.4;
				ONLY_ACTIVE_ARCH = NO;
				OTHER_LDFLAGS = "-lmpi";
				PREBINDING = NO;
				PRESERVE_DEAD_CODE_INITS_AND_TERMS = YES;
				PRODUCT_NAME = HyPhyDebug;
				SDKROOT = "$(DEVELOPER_SDK_DIR)/MacOSX10.6.sdk";
				USER_HEADER_SEARCH_PATHS = "$(PROJECT_DIR)/../src/core/include $(PROJECT_DIR)/../src/gui/include $(PROJECT_DIR)/../src/gui/mac/include $(PROJECT_DIR)/../src/new/include";
			};
			name = "Debug MPI";
		};
		85ED8D1A103A12A400DFE4EE /* Debug MPI */ = {
			isa = XCBuildConfiguration;
			buildSettings = {
				COPY_PHASE_STRIP = NO;
				FRAMEWORK_SEARCH_PATHS = "$(inherited)";
				GCC_DYNAMIC_NO_PIC = NO;
				GCC_ENABLE_FIX_AND_CONTINUE = YES;
				GCC_MODEL_TUNING = G5;
				GCC_OPTIMIZATION_LEVEL = 0;
				GCC_PRECOMPILE_PREFIX_HEADER = NO;
				GCC_PREFIX_HEADER = "";
				INFOPLIST_FILE = "$(PROJECT_DIR)/../src/gui/mac/Info.plist";
				INSTALL_PATH = "$(HOME)/Applications";
				MACOSX_DEPLOYMENT_TARGET = "";
				PRODUCT_NAME = HyPhy;
				SDKROOT = "$(DEVELOPER_SDK_DIR)/MacOSX10.6.sdk";
				SYMROOT = "$(PROJECT_DIR)/../../hyphybuilds";
				USER_HEADER_SEARCH_PATHS = "$(PROJECT_DIR)/../src/core/include/** $(PROJECT_DIR)/../src/gui/include/** $(PROJECT_DIR)/../src/gui/mac/include/** $(PROJECT_DIR)/../src/new/include";
				VALID_ARCHS = i386;
				WRAPPER_EXTENSION = app;
				ZERO_LINK = YES;
			};
			name = "Debug MPI";
		};
		C0E91AC608A95435008D54AB /* Debug */ = {
			isa = XCBuildConfiguration;
			buildSettings = {
				COPY_PHASE_STRIP = NO;
				FRAMEWORK_SEARCH_PATHS = "$(inherited)";
				GCC_DYNAMIC_NO_PIC = NO;
				GCC_ENABLE_FIX_AND_CONTINUE = YES;
				GCC_MODEL_TUNING = G5;
				GCC_OPTIMIZATION_LEVEL = 0;
				GCC_PRECOMPILE_PREFIX_HEADER = NO;
				GCC_PREFIX_HEADER = "";
				INFOPLIST_FILE = "$(PROJECT_DIR)/../src/gui/mac/Info.plist";
				INSTALL_PATH = "$(HOME)/Applications";
				MACOSX_DEPLOYMENT_TARGET = "";
				PRODUCT_NAME = HyPhy;
				SDKROOT = "$(DEVELOPER_SDK_DIR)/MacOSX10.6.sdk";
				SYMROOT = "$(PROJECT_DIR)/../../hyphybuilds";
				USER_HEADER_SEARCH_PATHS = "$(PROJECT_DIR)/../src/core/include/** $(PROJECT_DIR)/../src/gui/include/** $(PROJECT_DIR)/../src/gui/mac/include/** $(PROJECT_DIR)/../src/new/include";
				VALID_ARCHS = i386;
				WRAPPER_EXTENSION = app;
				ZERO_LINK = YES;
			};
			name = Debug;
		};
		C0E91AC708A95435008D54AB /* Release */ = {
			isa = XCBuildConfiguration;
			buildSettings = {
				"ALWAYS_SEARCH_USER_PATHS[arch=*]" = YES;
				CONFIGURATION_BUILD_DIR = "$(BUILD_DIR)/HYPHYOSX";
				DEBUG_INFORMATION_FORMAT = "dwarf-with-dsym";
				FRAMEWORK_SEARCH_PATHS = "$(inherited)";
				GCC_MODEL_TUNING = G5;
				GCC_OPTIMIZATION_LEVEL = 3;
				GCC_PRECOMPILE_PREFIX_HEADER = NO;
				GCC_PREFIX_HEADER = "";
				GCC_VERSION = com.apple.compilers.llvmgcc42;
				HEADER_SEARCH_PATHS = (
					/Developer/Headers/FlatCarbon,
					"$(HEADER_SEARCH_PATHS)",
				);
				INFOPLIST_FILE = "$(PROJECT_DIR)/../src/gui/mac/Info.plist";
				INSTALL_PATH = "$(HOME)/Applications";
				MACOSX_DEPLOYMENT_TARGET = "";
				PRODUCT_NAME = HyPhy;
				SDKROOT = "$(DEVELOPER_SDK_DIR)/MacOSX10.6.sdk";
				SYMROOT = "$(PROJECT_DIR)/../../hyphybuilds";
				USER_HEADER_SEARCH_PATHS = "$(PROJECT_DIR)/../src/core/include/** $(PROJECT_DIR)/../src/gui/include/** $(PROJECT_DIR)/../src/gui/mac/include/** $(PROJECT_DIR)/../src/new/include";
				VALID_ARCHS = i386;
				WRAPPER_EXTENSION = app;
			};
			name = Release;
		};
		C0E91ACA08A95435008D54AB /* Debug */ = {
			isa = XCBuildConfiguration;
			buildSettings = {
				ARCHS = "$(ARCHS_STANDARD_32_BIT_PRE_XCODE_3_1)";
				ARCHS_STANDARD_32_BIT_PRE_XCODE_3_1 = "ppc i386";
				CURRENT_PROJECT_VERSION = 3.00beta;
				DEAD_CODE_STRIPPING = YES;
				ENABLE_OPENMP_SUPPORT = YES;
				GCC_C_LANGUAGE_STANDARD = c99;
				GCC_ENABLE_CPP_EXCEPTIONS = NO;
				GCC_ENABLE_CPP_RTTI = NO;
				GCC_ENABLE_FIX_AND_CONTINUE = YES;
				GCC_MODEL_TUNING = "";
				GCC_PRECOMPILE_PREFIX_HEADER = NO;
				GCC_PREPROCESSOR_DEFINITIONS = (
					__HYPHYXCODE__,
					__MAC__,
					"ACCESSOR_CALLS_ARE_FUNCTIONS=1",
					"OPAQUE_TOOLBOX_STRUCTS=1",
					"TARGET_API_MAC_CARBON=1",
					__MP__,
					"SQLITE_PTR_SZ=4",
					_SLKP_LFENGINE_REWRITE_,
				);
				GCC_VERSION = com.apple.compilers.llvmgcc42;
				GCC_WARN_ABOUT_DEPRECATED_FUNCTIONS = NO;
				GCC_WARN_ABOUT_RETURN_TYPE = YES;
				GCC_WARN_UNUSED_VARIABLE = YES;
				HEADER_SEARCH_PATHS = (
					/Developer/Headers/FlatCarbon,
					"$(HEADER_SEARCH_PATHS)",
				);
				INFOPLIST_FILE = "$(PROJECT_DIR)/../src/gui/Platform\\ Source/MacOS/Info.plist";
				MACOSX_DEPLOYMENT_TARGET = 10.4;
				ONLY_ACTIVE_ARCH = NO;
				PREBINDING = NO;
				PRESERVE_DEAD_CODE_INITS_AND_TERMS = YES;
				PRODUCT_NAME = HyPhyDebug;
				SDKROOT = "$(DEVELOPER_SDK_DIR)/MacOSX10.6.sdk";
				USER_HEADER_SEARCH_PATHS = "$(PROJECT_DIR)/../src/core/include $(PROJECT_DIR)/../src/gui/include $(PROJECT_DIR)/../src/gui/mac/include $(PROJECT_DIR)/../src/new/include";
			};
			name = Debug;
		};
		C0E91ACB08A95435008D54AB /* Release */ = {
			isa = XCBuildConfiguration;
			buildSettings = {
				ARCHS = "$(ARCHS_STANDARD_32_BIT_PRE_XCODE_3_1)";
				ARCHS_STANDARD_32_BIT_PRE_XCODE_3_1 = "ppc i386";
				CURRENT_PROJECT_VERSION = 3.00beta;
				DEAD_CODE_STRIPPING = YES;
				DEPLOYMENT_POSTPROCESSING = YES;
				ENABLE_OPENMP_SUPPORT = YES;
				GCC_AUTO_VECTORIZATION = YES;
				GCC_C_LANGUAGE_STANDARD = gnu99;
				GCC_DYNAMIC_NO_PIC = YES;
				GCC_ENABLE_CPP_EXCEPTIONS = NO;
				GCC_ENABLE_CPP_RTTI = NO;
				GCC_ENABLE_SSE3_EXTENSIONS = YES;
				GCC_ENABLE_SSE41_EXTENSIONS = YES;
				GCC_ENABLE_SSE42_EXTENSIONS = YES;
				GCC_ENABLE_SUPPLEMENTAL_SSE3_INSTRUCTIONS = YES;
				GCC_GENERATE_DEBUGGING_SYMBOLS = NO;
				GCC_MODEL_TUNING = G5;
				GCC_OPTIMIZATION_LEVEL = 3;
				GCC_PRECOMPILE_PREFIX_HEADER = NO;
				GCC_PREPROCESSOR_DEFINITIONS = (
					_SLKP_LFENGINE_REWRITE_,
					__HYPHYXCODE__,
					__MAC__,
					__MP__,
				);
				GCC_STRICT_ALIASING = YES;
				GCC_UNROLL_LOOPS = YES;
				GCC_VERSION = com.apple.compilers.llvmgcc42;
				GCC_WARN_ABOUT_DEPRECATED_FUNCTIONS = NO;
				GCC_WARN_ABOUT_RETURN_TYPE = YES;
				GCC_WARN_UNUSED_VARIABLE = YES;
				"HEADER_SEARCH_PATHS[arch=*]" = "";
				INFOPLIST_FILE = "$(PROJECT_DIR)/../src/gui/Platform\\ Source/MacOS/Info.plist";
				LLVM_LTO = NO;
				MACOSX_DEPLOYMENT_TARGET = 10.4;
				ONLY_ACTIVE_ARCH = NO;
				PREBINDING = NO;
				PRODUCT_NAME = HYPHY;
				SDKROOT = "$(DEVELOPER_SDK_DIR)/MacOSX10.6.sdk";
				USER_HEADER_SEARCH_PATHS = "$(PROJECT_DIR)/../src/core/include $(PROJECT_DIR)/../src/gui/include $(PROJECT_DIR)/../src/gui/mac/include $(PROJECT_DIR)/../src/new/include";
			};
			name = Release;
		};
/* End XCBuildConfiguration section */

/* Begin XCConfigurationList section */
		C0E91AC508A95435008D54AB /* Build configuration list for PBXNativeTarget "HyPhyXCode" */ = {
			isa = XCConfigurationList;
			buildConfigurations = (
				C0E91AC608A95435008D54AB /* Debug */,
				85748616122746750001A77A /* Debug + GCOV */,
				85ED8D1A103A12A400DFE4EE /* Debug MPI */,
				C0E91AC708A95435008D54AB /* Release */,
				853F265D133C048D00190D5E /* Optimized + Debug Info */,
			);
			defaultConfigurationIsVisible = 0;
			defaultConfigurationName = Release;
		};
		C0E91AC908A95435008D54AB /* Build configuration list for PBXProject "hyphy" */ = {
			isa = XCConfigurationList;
			buildConfigurations = (
				C0E91ACA08A95435008D54AB /* Debug */,
				85748615122746750001A77A /* Debug + GCOV */,
				85ED8D19103A12A400DFE4EE /* Debug MPI */,
				C0E91ACB08A95435008D54AB /* Release */,
				853F265C133C048D00190D5E /* Optimized + Debug Info */,
			);
			defaultConfigurationIsVisible = 0;
			defaultConfigurationName = Release;
		};
/* End XCConfigurationList section */
	};
	rootObject = 20286C28FDCF999611CA2CEA /* Project object */;
}
